// !$*UTF8*$!
{
	archiveVersion = 1;
	classes = {
	};
	objectVersion = 50;
	objects = {

/* Begin PBXBuildFile section */
		C0B7BB482382358B006505DA /* AppDelegate.swift in Sources */ = {isa = PBXBuildFile; fileRef = C0B7BB472382358B006505DA /* AppDelegate.swift */; };
		C0B7BB4A2382358B006505DA /* SceneDelegate.swift in Sources */ = {isa = PBXBuildFile; fileRef = C0B7BB492382358B006505DA /* SceneDelegate.swift */; };
		C0B7BB4C2382358B006505DA /* TripDetailViewController.swift in Sources */ = {isa = PBXBuildFile; fileRef = C0B7BB4B2382358B006505DA /* TripDetailViewController.swift */; };
		C0B7BB4F2382358B006505DA /* Main.storyboard in Resources */ = {isa = PBXBuildFile; fileRef = C0B7BB4D2382358B006505DA /* Main.storyboard */; };
		C0B7BB512382358E006505DA /* Assets.xcassets in Resources */ = {isa = PBXBuildFile; fileRef = C0B7BB502382358E006505DA /* Assets.xcassets */; };
		C0B7BB542382358E006505DA /* LaunchScreen.storyboard in Resources */ = {isa = PBXBuildFile; fileRef = C0B7BB522382358E006505DA /* LaunchScreen.storyboard */; };
		C0B7BB5C23823717006505DA /* TripsTableViewController.swift in Sources */ = {isa = PBXBuildFile; fileRef = C0B7BB5B23823717006505DA /* TripsTableViewController.swift */; };
		C0B7BB5E23823730006505DA /* ProfileViewController.swift in Sources */ = {isa = PBXBuildFile; fileRef = C0B7BB5D23823730006505DA /* ProfileViewController.swift */; };
		C0B7BB612382376E006505DA /* TripTableViewCell.swift in Sources */ = {isa = PBXBuildFile; fileRef = C0B7BB602382376E006505DA /* TripTableViewCell.swift */; };
		C0FFBAC22382EF4E00D7D459 /* Guide.xcdatamodeld in Sources */ = {isa = PBXBuildFile; fileRef = C0FFBAC02382EF4E00D7D459 /* Guide.xcdatamodeld */; };
		C0FFBAC72383167200D7D459 /* LoginViewController.swift in Sources */ = {isa = PBXBuildFile; fileRef = C0FFBAC62383167200D7D459 /* LoginViewController.swift */; };
		C0FFBAC92383256400D7D459 /* CoreDataStack.swift in Sources */ = {isa = PBXBuildFile; fileRef = C0FFBAC82383256400D7D459 /* CoreDataStack.swift */; };
		C0FFBACD2383259B00D7D459 /* Profile+Convenience.swift in Sources */ = {isa = PBXBuildFile; fileRef = C0FFBACC2383259B00D7D459 /* Profile+Convenience.swift */; };
		C0FFBACF238325C300D7D459 /* ProfileRepresentation.swift in Sources */ = {isa = PBXBuildFile; fileRef = C0FFBACE238325C300D7D459 /* ProfileRepresentation.swift */; };
		C0FFBAD1238348CC00D7D459 /* Token+Convenience.swift in Sources */ = {isa = PBXBuildFile; fileRef = C0FFBAD0238348CC00D7D459 /* Token+Convenience.swift */; };
		C0FFBAD323834FD600D7D459 /* Trip+Convenience.swift in Sources */ = {isa = PBXBuildFile; fileRef = C0FFBAD223834FD600D7D459 /* Trip+Convenience.swift */; };
		C0FFBAD52383551500D7D459 /* TokenRepresentation.swift in Sources */ = {isa = PBXBuildFile; fileRef = C0FFBAD42383551500D7D459 /* TokenRepresentation.swift */; };
/* End PBXBuildFile section */

/* Begin PBXFileReference section */
		C0B7BB442382358B006505DA /* BuildWeekGuidr.app */ = {isa = PBXFileReference; explicitFileType = wrapper.application; includeInIndex = 0; path = BuildWeekGuidr.app; sourceTree = BUILT_PRODUCTS_DIR; };
		C0B7BB472382358B006505DA /* AppDelegate.swift */ = {isa = PBXFileReference; lastKnownFileType = sourcecode.swift; path = AppDelegate.swift; sourceTree = "<group>"; };
		C0B7BB492382358B006505DA /* SceneDelegate.swift */ = {isa = PBXFileReference; lastKnownFileType = sourcecode.swift; path = SceneDelegate.swift; sourceTree = "<group>"; };
		C0B7BB4B2382358B006505DA /* TripDetailViewController.swift */ = {isa = PBXFileReference; lastKnownFileType = sourcecode.swift; path = TripDetailViewController.swift; sourceTree = "<group>"; };
		C0B7BB4E2382358B006505DA /* Base */ = {isa = PBXFileReference; lastKnownFileType = file.storyboard; name = Base; path = Base.lproj/Main.storyboard; sourceTree = "<group>"; };
		C0B7BB502382358E006505DA /* Assets.xcassets */ = {isa = PBXFileReference; lastKnownFileType = folder.assetcatalog; path = Assets.xcassets; sourceTree = "<group>"; };
		C0B7BB532382358E006505DA /* Base */ = {isa = PBXFileReference; lastKnownFileType = file.storyboard; name = Base; path = Base.lproj/LaunchScreen.storyboard; sourceTree = "<group>"; };
		C0B7BB552382358E006505DA /* Info.plist */ = {isa = PBXFileReference; lastKnownFileType = text.plist.xml; path = Info.plist; sourceTree = "<group>"; };
		C0B7BB5B23823717006505DA /* TripsTableViewController.swift */ = {isa = PBXFileReference; lastKnownFileType = sourcecode.swift; path = TripsTableViewController.swift; sourceTree = "<group>"; };
		C0B7BB5D23823730006505DA /* ProfileViewController.swift */ = {isa = PBXFileReference; lastKnownFileType = sourcecode.swift; path = ProfileViewController.swift; sourceTree = "<group>"; };
		C0B7BB602382376E006505DA /* TripTableViewCell.swift */ = {isa = PBXFileReference; lastKnownFileType = sourcecode.swift; path = TripTableViewCell.swift; sourceTree = "<group>"; };
		C0FFBAC12382EF4E00D7D459 /* Guide.xcdatamodel */ = {isa = PBXFileReference; lastKnownFileType = wrapper.xcdatamodel; path = Guide.xcdatamodel; sourceTree = "<group>"; };
		C0FFBAC62383167200D7D459 /* LoginViewController.swift */ = {isa = PBXFileReference; lastKnownFileType = sourcecode.swift; path = LoginViewController.swift; sourceTree = "<group>"; };
		C0FFBAC82383256400D7D459 /* CoreDataStack.swift */ = {isa = PBXFileReference; lastKnownFileType = sourcecode.swift; path = CoreDataStack.swift; sourceTree = "<group>"; };
		C0FFBACC2383259B00D7D459 /* Profile+Convenience.swift */ = {isa = PBXFileReference; lastKnownFileType = sourcecode.swift; path = "Profile+Convenience.swift"; sourceTree = "<group>"; };
		C0FFBACE238325C300D7D459 /* ProfileRepresentation.swift */ = {isa = PBXFileReference; lastKnownFileType = sourcecode.swift; path = ProfileRepresentation.swift; sourceTree = "<group>"; };
		C0FFBAD0238348CC00D7D459 /* Token+Convenience.swift */ = {isa = PBXFileReference; lastKnownFileType = sourcecode.swift; path = "Token+Convenience.swift"; sourceTree = "<group>"; };
		C0FFBAD223834FD600D7D459 /* Trip+Convenience.swift */ = {isa = PBXFileReference; lastKnownFileType = sourcecode.swift; path = "Trip+Convenience.swift"; sourceTree = "<group>"; };
		C0FFBAD42383551500D7D459 /* TokenRepresentation.swift */ = {isa = PBXFileReference; lastKnownFileType = sourcecode.swift; path = TokenRepresentation.swift; sourceTree = "<group>"; };
/* End PBXFileReference section */

/* Begin PBXFrameworksBuildPhase section */
		C0B7BB412382358B006505DA /* Frameworks */ = {
			isa = PBXFrameworksBuildPhase;
			buildActionMask = 2147483647;
			files = (
			);
			runOnlyForDeploymentPostprocessing = 0;
		};
/* End PBXFrameworksBuildPhase section */

/* Begin PBXGroup section */
		C0B7BB3B2382358B006505DA = {
			isa = PBXGroup;
			children = (
				C0B7BB462382358B006505DA /* BuildWeekGuidr */,
				C0B7BB452382358B006505DA /* Products */,
			);
			sourceTree = "<group>";
		};
		C0B7BB452382358B006505DA /* Products */ = {
			isa = PBXGroup;
			children = (
				C0B7BB442382358B006505DA /* BuildWeekGuidr.app */,
			);
			name = Products;
			sourceTree = "<group>";
		};
		C0B7BB462382358B006505DA /* BuildWeekGuidr */ = {
			isa = PBXGroup;
			children = (
				C0B7BB472382358B006505DA /* AppDelegate.swift */,
				C0B7BB492382358B006505DA /* SceneDelegate.swift */,
				C0B7BB4D2382358B006505DA /* Main.storyboard */,
				C0B7BB5F23823754006505DA /* View Controllers */,
				C0B7BB622382377D006505DA /* Views */,
				C0FFBAC32382EF5700D7D459 /* Models */,
				C0B7BB502382358E006505DA /* Assets.xcassets */,
				C0B7BB522382358E006505DA /* LaunchScreen.storyboard */,
				C0B7BB552382358E006505DA /* Info.plist */,
			);
			path = BuildWeekGuidr;
			sourceTree = "<group>";
		};
		C0B7BB5F23823754006505DA /* View Controllers */ = {
			isa = PBXGroup;
			children = (
				C0B7BB5B23823717006505DA /* TripsTableViewController.swift */,
				C0B7BB4B2382358B006505DA /* TripDetailViewController.swift */,
				C0B7BB5D23823730006505DA /* ProfileViewController.swift */,
				C0FFBAC62383167200D7D459 /* LoginViewController.swift */,
			);
			path = "View Controllers";
			sourceTree = "<group>";
		};
		C0B7BB622382377D006505DA /* Views */ = {
			isa = PBXGroup;
			children = (
				C0B7BB602382376E006505DA /* TripTableViewCell.swift */,
			);
			path = Views;
			sourceTree = "<group>";
		};
		C0FFBAC32382EF5700D7D459 /* Models */ = {
			isa = PBXGroup;
			children = (
				C0FFBAC02382EF4E00D7D459 /* Guide.xcdatamodeld */,
				C0FFBAC82383256400D7D459 /* CoreDataStack.swift */,
				C0FFBAD0238348CC00D7D459 /* Token+Convenience.swift */,
				C0FFBAD42383551500D7D459 /* TokenRepresentation.swift */,
				C0FFBACC2383259B00D7D459 /* Profile+Convenience.swift */,
				C0FFBACE238325C300D7D459 /* ProfileRepresentation.swift */,
				C0FFBAD223834FD600D7D459 /* Trip+Convenience.swift */,
			);
			path = Models;
			sourceTree = "<group>";
		};
/* End PBXGroup section */

/* Begin PBXNativeTarget section */
		C0B7BB432382358B006505DA /* BuildWeekGuidr */ = {
			isa = PBXNativeTarget;
			buildConfigurationList = C0B7BB582382358E006505DA /* Build configuration list for PBXNativeTarget "BuildWeekGuidr" */;
			buildPhases = (
				C0B7BB402382358B006505DA /* Sources */,
				C0B7BB412382358B006505DA /* Frameworks */,
				C0B7BB422382358B006505DA /* Resources */,
			);
			buildRules = (
			);
			dependencies = (
			);
			name = BuildWeekGuidr;
			productName = BuildWeekGuidr;
			productReference = C0B7BB442382358B006505DA /* BuildWeekGuidr.app */;
			productType = "com.apple.product-type.application";
		};
/* End PBXNativeTarget section */

/* Begin PBXProject section */
		C0B7BB3C2382358B006505DA /* Project object */ = {
			isa = PBXProject;
			attributes = {
				LastSwiftUpdateCheck = 1120;
				LastUpgradeCheck = 1120;
				ORGANIZATIONNAME = morse;
				TargetAttributes = {
					C0B7BB432382358B006505DA = {
						CreatedOnToolsVersion = 11.2.1;
					};
				};
			};
			buildConfigurationList = C0B7BB3F2382358B006505DA /* Build configuration list for PBXProject "BuildWeekGuidr" */;
			compatibilityVersion = "Xcode 9.3";
			developmentRegion = en;
			hasScannedForEncodings = 0;
			knownRegions = (
				en,
				Base,
			);
			mainGroup = C0B7BB3B2382358B006505DA;
			productRefGroup = C0B7BB452382358B006505DA /* Products */;
			projectDirPath = "";
			projectRoot = "";
			targets = (
				C0B7BB432382358B006505DA /* BuildWeekGuidr */,
			);
		};
/* End PBXProject section */

/* Begin PBXResourcesBuildPhase section */
		C0B7BB422382358B006505DA /* Resources */ = {
			isa = PBXResourcesBuildPhase;
			buildActionMask = 2147483647;
			files = (
				C0B7BB542382358E006505DA /* LaunchScreen.storyboard in Resources */,
				C0B7BB512382358E006505DA /* Assets.xcassets in Resources */,
				C0B7BB4F2382358B006505DA /* Main.storyboard in Resources */,
			);
			runOnlyForDeploymentPostprocessing = 0;
		};
/* End PBXResourcesBuildPhase section */

/* Begin PBXSourcesBuildPhase section */
		C0B7BB402382358B006505DA /* Sources */ = {
			isa = PBXSourcesBuildPhase;
			buildActionMask = 2147483647;
			files = (
				C0B7BB612382376E006505DA /* TripTableViewCell.swift in Sources */,
				C0FFBAC22382EF4E00D7D459 /* Guide.xcdatamodeld in Sources */,
				C0FFBACF238325C300D7D459 /* ProfileRepresentation.swift in Sources */,
				C0B7BB4C2382358B006505DA /* TripDetailViewController.swift in Sources */,
				C0FFBAD52383551500D7D459 /* TokenRepresentation.swift in Sources */,
				C0FFBAD323834FD600D7D459 /* Trip+Convenience.swift in Sources */,
				C0FFBAC92383256400D7D459 /* CoreDataStack.swift in Sources */,
				C0B7BB482382358B006505DA /* AppDelegate.swift in Sources */,
				C0FFBAC72383167200D7D459 /* LoginViewController.swift in Sources */,
				C0B7BB5E23823730006505DA /* ProfileViewController.swift in Sources */,
				C0B7BB5C23823717006505DA /* TripsTableViewController.swift in Sources */,
				C0B7BB4A2382358B006505DA /* SceneDelegate.swift in Sources */,
				C0FFBACD2383259B00D7D459 /* Profile+Convenience.swift in Sources */,
				C0FFBAD1238348CC00D7D459 /* Token+Convenience.swift in Sources */,
			);
			runOnlyForDeploymentPostprocessing = 0;
		};
/* End PBXSourcesBuildPhase section */

/* Begin PBXVariantGroup section */
		C0B7BB4D2382358B006505DA /* Main.storyboard */ = {
			isa = PBXVariantGroup;
			children = (
				C0B7BB4E2382358B006505DA /* Base */,
			);
			name = Main.storyboard;
			sourceTree = "<group>";
		};
		C0B7BB522382358E006505DA /* LaunchScreen.storyboard */ = {
			isa = PBXVariantGroup;
			children = (
				C0B7BB532382358E006505DA /* Base */,
			);
			name = LaunchScreen.storyboard;
			sourceTree = "<group>";
		};
/* End PBXVariantGroup section */

/* Begin XCBuildConfiguration section */
		C0B7BB562382358E006505DA /* Debug */ = {
			isa = XCBuildConfiguration;
			buildSettings = {
				ALWAYS_SEARCH_USER_PATHS = NO;
				CLANG_ANALYZER_NONNULL = YES;
				CLANG_ANALYZER_NUMBER_OBJECT_CONVERSION = YES_AGGRESSIVE;
				CLANG_CXX_LANGUAGE_STANDARD = "gnu++14";
				CLANG_CXX_LIBRARY = "libc++";
				CLANG_ENABLE_MODULES = YES;
				CLANG_ENABLE_OBJC_ARC = YES;
				CLANG_ENABLE_OBJC_WEAK = YES;
				CLANG_WARN_BLOCK_CAPTURE_AUTORELEASING = YES;
				CLANG_WARN_BOOL_CONVERSION = YES;
				CLANG_WARN_COMMA = YES;
				CLANG_WARN_CONSTANT_CONVERSION = YES;
				CLANG_WARN_DEPRECATED_OBJC_IMPLEMENTATIONS = YES;
				CLANG_WARN_DIRECT_OBJC_ISA_USAGE = YES_ERROR;
				CLANG_WARN_DOCUMENTATION_COMMENTS = YES;
				CLANG_WARN_EMPTY_BODY = YES;
				CLANG_WARN_ENUM_CONVERSION = YES;
				CLANG_WARN_INFINITE_RECURSION = YES;
				CLANG_WARN_INT_CONVERSION = YES;
				CLANG_WARN_NON_LITERAL_NULL_CONVERSION = YES;
				CLANG_WARN_OBJC_IMPLICIT_RETAIN_SELF = YES;
				CLANG_WARN_OBJC_LITERAL_CONVERSION = YES;
				CLANG_WARN_OBJC_ROOT_CLASS = YES_ERROR;
				CLANG_WARN_RANGE_LOOP_ANALYSIS = YES;
				CLANG_WARN_STRICT_PROTOTYPES = YES;
				CLANG_WARN_SUSPICIOUS_MOVE = YES;
				CLANG_WARN_UNGUARDED_AVAILABILITY = YES_AGGRESSIVE;
				CLANG_WARN_UNREACHABLE_CODE = YES;
				CLANG_WARN__DUPLICATE_METHOD_MATCH = YES;
				COPY_PHASE_STRIP = NO;
				DEBUG_INFORMATION_FORMAT = dwarf;
				ENABLE_STRICT_OBJC_MSGSEND = YES;
				ENABLE_TESTABILITY = YES;
				GCC_C_LANGUAGE_STANDARD = gnu11;
				GCC_DYNAMIC_NO_PIC = NO;
				GCC_NO_COMMON_BLOCKS = YES;
				GCC_OPTIMIZATION_LEVEL = 0;
				GCC_PREPROCESSOR_DEFINITIONS = (
					"DEBUG=1",
					"$(inherited)",
				);
				GCC_WARN_64_TO_32_BIT_CONVERSION = YES;
				GCC_WARN_ABOUT_RETURN_TYPE = YES_ERROR;
				GCC_WARN_UNDECLARED_SELECTOR = YES;
				GCC_WARN_UNINITIALIZED_AUTOS = YES_AGGRESSIVE;
				GCC_WARN_UNUSED_FUNCTION = YES;
				GCC_WARN_UNUSED_VARIABLE = YES;
				IPHONEOS_DEPLOYMENT_TARGET = 13.2;
				MTL_ENABLE_DEBUG_INFO = INCLUDE_SOURCE;
				MTL_FAST_MATH = YES;
				ONLY_ACTIVE_ARCH = YES;
				SDKROOT = iphoneos;
				SWIFT_ACTIVE_COMPILATION_CONDITIONS = DEBUG;
				SWIFT_OPTIMIZATION_LEVEL = "-Onone";
			};
			name = Debug;
		};
		C0B7BB572382358E006505DA /* Release */ = {
			isa = XCBuildConfiguration;
			buildSettings = {
				ALWAYS_SEARCH_USER_PATHS = NO;
				CLANG_ANALYZER_NONNULL = YES;
				CLANG_ANALYZER_NUMBER_OBJECT_CONVERSION = YES_AGGRESSIVE;
				CLANG_CXX_LANGUAGE_STANDARD = "gnu++14";
				CLANG_CXX_LIBRARY = "libc++";
				CLANG_ENABLE_MODULES = YES;
				CLANG_ENABLE_OBJC_ARC = YES;
				CLANG_ENABLE_OBJC_WEAK = YES;
				CLANG_WARN_BLOCK_CAPTURE_AUTORELEASING = YES;
				CLANG_WARN_BOOL_CONVERSION = YES;
				CLANG_WARN_COMMA = YES;
				CLANG_WARN_CONSTANT_CONVERSION = YES;
				CLANG_WARN_DEPRECATED_OBJC_IMPLEMENTATIONS = YES;
				CLANG_WARN_DIRECT_OBJC_ISA_USAGE = YES_ERROR;
				CLANG_WARN_DOCUMENTATION_COMMENTS = YES;
				CLANG_WARN_EMPTY_BODY = YES;
				CLANG_WARN_ENUM_CONVERSION = YES;
				CLANG_WARN_INFINITE_RECURSION = YES;
				CLANG_WARN_INT_CONVERSION = YES;
				CLANG_WARN_NON_LITERAL_NULL_CONVERSION = YES;
				CLANG_WARN_OBJC_IMPLICIT_RETAIN_SELF = YES;
				CLANG_WARN_OBJC_LITERAL_CONVERSION = YES;
				CLANG_WARN_OBJC_ROOT_CLASS = YES_ERROR;
				CLANG_WARN_RANGE_LOOP_ANALYSIS = YES;
				CLANG_WARN_STRICT_PROTOTYPES = YES;
				CLANG_WARN_SUSPICIOUS_MOVE = YES;
				CLANG_WARN_UNGUARDED_AVAILABILITY = YES_AGGRESSIVE;
				CLANG_WARN_UNREACHABLE_CODE = YES;
				CLANG_WARN__DUPLICATE_METHOD_MATCH = YES;
				COPY_PHASE_STRIP = NO;
				DEBUG_INFORMATION_FORMAT = "dwarf-with-dsym";
				ENABLE_NS_ASSERTIONS = NO;
				ENABLE_STRICT_OBJC_MSGSEND = YES;
				GCC_C_LANGUAGE_STANDARD = gnu11;
				GCC_NO_COMMON_BLOCKS = YES;
				GCC_WARN_64_TO_32_BIT_CONVERSION = YES;
				GCC_WARN_ABOUT_RETURN_TYPE = YES_ERROR;
				GCC_WARN_UNDECLARED_SELECTOR = YES;
				GCC_WARN_UNINITIALIZED_AUTOS = YES_AGGRESSIVE;
				GCC_WARN_UNUSED_FUNCTION = YES;
				GCC_WARN_UNUSED_VARIABLE = YES;
				IPHONEOS_DEPLOYMENT_TARGET = 13.2;
				MTL_ENABLE_DEBUG_INFO = NO;
				MTL_FAST_MATH = YES;
				SDKROOT = iphoneos;
				SWIFT_COMPILATION_MODE = wholemodule;
				SWIFT_OPTIMIZATION_LEVEL = "-O";
				VALIDATE_PRODUCT = YES;
			};
			name = Release;
		};
		C0B7BB592382358E006505DA /* Debug */ = {
			isa = XCBuildConfiguration;
			buildSettings = {
				ASSETCATALOG_COMPILER_APPICON_NAME = AppIcon;
				CODE_SIGN_STYLE = Automatic;
				DEVELOPMENT_TEAM = 452VS5LHDK;
				INFOPLIST_FILE = BuildWeekGuidr/Info.plist;
				LD_RUNPATH_SEARCH_PATHS = (
					"$(inherited)",
					"@executable_path/Frameworks",
				);
				MARKETING_VERSION = 0.1.1;
				PRODUCT_BUNDLE_IDENTIFIER = git.BuildWeekGuidriOSApp;
				PRODUCT_NAME = "$(TARGET_NAME)";
				SWIFT_VERSION = 5.0;
				TARGETED_DEVICE_FAMILY = "1,2";
			};
			name = Debug;
		};
		C0B7BB5A2382358E006505DA /* Release */ = {
			isa = XCBuildConfiguration;
			buildSettings = {
				ASSETCATALOG_COMPILER_APPICON_NAME = AppIcon;
				CODE_SIGN_STYLE = Automatic;
				DEVELOPMENT_TEAM = 452VS5LHDK;
				INFOPLIST_FILE = BuildWeekGuidr/Info.plist;
				LD_RUNPATH_SEARCH_PATHS = (
					"$(inherited)",
					"@executable_path/Frameworks",
				);
				MARKETING_VERSION = 0.1.1;
				PRODUCT_BUNDLE_IDENTIFIER = git.BuildWeekGuidriOSApp;
				PRODUCT_NAME = "$(TARGET_NAME)";
				SWIFT_VERSION = 5.0;
				TARGETED_DEVICE_FAMILY = "1,2";
			};
			name = Release;
		};
/* End XCBuildConfiguration section */

/* Begin XCConfigurationList section */
		C0B7BB3F2382358B006505DA /* Build configuration list for PBXProject "BuildWeekGuidr" */ = {
			isa = XCConfigurationList;
			buildConfigurations = (
				C0B7BB562382358E006505DA /* Debug */,
				C0B7BB572382358E006505DA /* Release */,
			);
			defaultConfigurationIsVisible = 0;
			defaultConfigurationName = Release;
		};
		C0B7BB582382358E006505DA /* Build configuration list for PBXNativeTarget "BuildWeekGuidr" */ = {
			isa = XCConfigurationList;
			buildConfigurations = (
				C0B7BB592382358E006505DA /* Debug */,
				C0B7BB5A2382358E006505DA /* Release */,
			);
			defaultConfigurationIsVisible = 0;
			defaultConfigurationName = Release;
		};
/* End XCConfigurationList section */

/* Begin XCVersionGroup section */
		C0FFBAC02382EF4E00D7D459 /* Guide.xcdatamodeld */ = {
			isa = XCVersionGroup;
			children = (
				C0FFBAC12382EF4E00D7D459 /* Guide.xcdatamodel */,
			);
			currentVersion = C0FFBAC12382EF4E00D7D459 /* Guide.xcdatamodel */;
			path = Guide.xcdatamodeld;
			sourceTree = "<group>";
			versionGroupType = wrapper.xcdatamodel;
		};
/* End XCVersionGroup section */
	};
	rootObject = C0B7BB3C2382358B006505DA /* Project object */;
}
